
Microsoft Visual Studio Solution File, Format Version 12.00
# Visual Studio Version 17
VisualStudioVersion = 17.0.31903.59
MinimumVisualStudioVersion = 10.0.40219.1
Project("{2150E333-8FDC-42A3-9474-1A3956D46DE8}") = "src", "src", "{F232BEBA-DBF9-4DA4-B529-924C31BFF3FD}"
EndProject
Project("{FAE04EC0-301F-11D3-BF4B-00C04F79EFBC}") = "HealthMonitor.Client", "src\HealthMonitor.Client\HealthMonitor.Client.csproj", "{89550079-7EA6-4CD1-B288-0505B8DEAC66}"
EndProject
Project("{FAE04EC0-301F-11D3-BF4B-00C04F79EFBC}") = "HealthMonitor.Server", "src\HealthMonitor.Server\HealthMonitor.Server.csproj", "{307B4294-BAD6-4A43-9F44-F145B0546BD9}"
EndProject
Project("{FAE04EC0-301F-11D3-BF4B-00C04F79EFBC}") = "HealthMonitor.Shared", "src\HealthMonitor.Shared\HealthMonitor.Shared.csproj", "{8FB3119F-4072-4E54-AEDF-101A2CC11E93}"
EndProject
Global
	GlobalSection(SolutionConfigurationPlatforms) = preSolution
		Debug|Any CPU = Debug|Any CPU
		Release|Any CPU = Release|Any CPU
	EndGlobalSection
	GlobalSection(SolutionProperties) = preSolution
		HideSolutionNode = FALSE
	EndGlobalSection
	GlobalSection(ProjectConfigurationPlatforms) = postSolution
		{89550079-7EA6-4CD1-B288-0505B8DEAC66}.Debug|Any CPU.ActiveCfg = Debug|Any CPU
		{89550079-7EA6-4CD1-B288-0505B8DEAC66}.Debug|Any CPU.Build.0 = Debug|Any CPU
		{89550079-7EA6-4CD1-B288-0505B8DEAC66}.Release|Any CPU.ActiveCfg = Release|Any CPU
		{89550079-7EA6-4CD1-B288-0505B8DEAC66}.Release|Any CPU.Build.0 = Release|Any CPU
		{307B4294-BAD6-4A43-9F44-F145B0546BD9}.Debug|Any CPU.ActiveCfg = Debug|Any CPU
		{307B4294-BAD6-4A43-9F44-F145B0546BD9}.Debug|Any CPU.Build.0 = Debug|Any CPU
		{307B4294-BAD6-4A43-9F44-F145B0546BD9}.Release|Any CPU.ActiveCfg = Release|Any CPU
		{307B4294-BAD6-4A43-9F44-F145B0546BD9}.Release|Any CPU.Build.0 = Release|Any CPU
		{8FB3119F-4072-4E54-AEDF-101A2CC11E93}.Debug|Any CPU.ActiveCfg = Debug|Any CPU
		{8FB3119F-4072-4E54-AEDF-101A2CC11E93}.Debug|Any CPU.Build.0 = Debug|Any CPU
		{8FB3119F-4072-4E54-AEDF-101A2CC11E93}.Release|Any CPU.ActiveCfg = Release|Any CPU
		{8FB3119F-4072-4E54-AEDF-101A2CC11E93}.Release|Any CPU.Build.0 = Release|Any CPU
	EndGlobalSection
	GlobalSection(NestedProjects) = preSolution
		{89550079-7EA6-4CD1-B288-0505B8DEAC66} = {F232BEBA-DBF9-4DA4-B529-924C31BFF3FD}
		{307B4294-BAD6-4A43-9F44-F145B0546BD9} = {F232BEBA-DBF9-4DA4-B529-924C31BFF3FD}
		{8FB3119F-4072-4E54-AEDF-101A2CC11E93} = {F232BEBA-DBF9-4DA4-B529-924C31BFF3FD}
	EndGlobalSection
EndGlobal
